
Microsoft Visual Studio Solution File, Format Version 12.00
# Visual Studio Version 16
VisualStudioVersion = 16.0.30204.135
MinimumVisualStudioVersion = 10.0.40219.1
Project("{FAE04EC0-301F-11D3-BF4B-00C04F79EFBC}") = "PhotoAlbum", "PhotoAlbum\PhotoAlbum.csproj", "{F1C0E9CC-84ED-46A8-8EBA-A6504BBDDC17}"
EndProject
Global
	GlobalSection(SolutionConfigurationPlatforms) = preSolution
		Debug|Any CPU = Debug|Any CPU
		Release|Any CPU = Release|Any CPU
	EndGlobalSection
	GlobalSection(ProjectConfigurationPlatforms) = postSolution
		{F1C0E9CC-84ED-46A8-8EBA-A6504BBDDC17}.Debug|Any CPU.ActiveCfg = Debug|Any CPU
		{F1C0E9CC-84ED-46A8-8EBA-A6504BBDDC17}.Debug|Any CPU.Build.0 = Debug|Any CPU
		{F1C0E9CC-84ED-46A8-8EBA-A6504BBDDC17}.Release|Any CPU.ActiveCfg = Release|Any CPU
		{F1C0E9CC-84ED-46A8-8EBA-A6504BBDDC17}.Release|Any CPU.Build.0 = Release|Any CPU
	EndGlobalSection
	GlobalSection(SolutionProperties) = preSolution
		HideSolutionNode = FALSE
	EndGlobalSection
	GlobalSection(ExtensibilityGlobals) = postSolution
		SolutionGuid = {E9523E16-E582-4370-AD03-7A4D0FA403A8}
	EndGlobalSection
EndGlobal
